
Microsoft Visual Studio Solution File, Format Version 12.00
# Visual Studio Version 17
VisualStudioVersion = 17.8.34309.116
MinimumVisualStudioVersion = 10.0.40219.1
Project("{9A19103F-16F7-4668-BE54-9A1E7A4F7556}") = "SpaceHunter", "src\SpaceHunter.csproj", "{0B178D28-1C79-4D5A-A7EA-F17AC8D52871}"
EndProject
Project("{9A19103F-16F7-4668-BE54-9A1E7A4F7556}") = "OpenTKLib", "OpenTKLib\OpenTKLib.csproj", "{0248212D-00A1-410E-99C5-1EB07E89EF0D}"
EndProject
Global
	GlobalSection(SolutionConfigurationPlatforms) = preSolution
		Debug|Any CPU = Debug|Any CPU
		Release|Any CPU = Release|Any CPU
	EndGlobalSection
	GlobalSection(ProjectConfigurationPlatforms) = postSolution
		{0B178D28-1C79-4D5A-A7EA-F17AC8D52871}.Debug|Any CPU.ActiveCfg = Debug|Any CPU
		{0B178D28-1C79-4D5A-A7EA-F17AC8D52871}.Debug|Any CPU.Build.0 = Debug|Any CPU
		{0B178D28-1C79-4D5A-A7EA-F17AC8D52871}.Release|Any CPU.ActiveCfg = Release|Any CPU
		{0B178D28-1C79-4D5A-A7EA-F17AC8D52871}.Release|Any CPU.Build.0 = Release|Any CPU
		{0248212D-00A1-410E-99C5-1EB07E89EF0D}.Debug|Any CPU.ActiveCfg = Debug|Any CPU
		{0248212D-00A1-410E-99C5-1EB07E89EF0D}.Debug|Any CPU.Build.0 = Debug|Any CPU
		{0248212D-00A1-410E-99C5-1EB07E89EF0D}.Release|Any CPU.ActiveCfg = Release|Any CPU
		{0248212D-00A1-410E-99C5-1EB07E89EF0D}.Release|Any CPU.Build.0 = Release|Any CPU
	EndGlobalSection
	GlobalSection(SolutionProperties) = preSolution
		HideSolutionNode = FALSE
	EndGlobalSection
	GlobalSection(ExtensibilityGlobals) = postSolution
		SolutionGuid = {5509F55E-F04A-4EF9-9D19-7293E3074454}
	EndGlobalSection
EndGlobal
